
Microsoft Visual Studio Solution File, Format Version 12.00
# Visual Studio Version 17
VisualStudioVersion = 17.9.34728.123
MinimumVisualStudioVersion = 10.0.40219.1
Project("{FAE04EC0-301F-11D3-BF4B-00C04F79EFBC}") = "Portfolio", "MvcCv\Portfolio.csproj", "{C43B7902-AC8E-457F-80BE-809756F0F963}"
EndProject
Global
	GlobalSection(SolutionConfigurationPlatforms) = preSolution
		Debug|Any CPU = Debug|Any CPU
		Release|Any CPU = Release|Any CPU
	EndGlobalSection
	GlobalSection(ProjectConfigurationPlatforms) = postSolution
		{C43B7902-AC8E-457F-80BE-809756F0F963}.Debug|Any CPU.ActiveCfg = Debug|Any CPU
		{C43B7902-AC8E-457F-80BE-809756F0F963}.Debug|Any CPU.Build.0 = Debug|Any CPU
		{C43B7902-AC8E-457F-80BE-809756F0F963}.Release|Any CPU.ActiveCfg = Release|Any CPU
		{C43B7902-AC8E-457F-80BE-809756F0F963}.Release|Any CPU.Build.0 = Release|Any CPU
	EndGlobalSection
	GlobalSection(SolutionProperties) = preSolution
		HideSolutionNode = FALSE
	EndGlobalSection
	GlobalSection(ExtensibilityGlobals) = postSolution
		SolutionGuid = {3C540D59-8892-4D33-A7CA-7C2474BCDF5F}
	EndGlobalSection
EndGlobal
